
Microsoft Visual Studio Solution File, Format Version 12.00
# Visual Studio Version 17
VisualStudioVersion = 17.5.33516.290
MinimumVisualStudioVersion = 10.0.40219.1
Project("{FAE04EC0-301F-11D3-BF4B-00C04F79EFBC}") = "WindowsFormsApp5", "WindowsFormsApp5.csproj", "{CA9BA04F-561E-4918-BE18-EBBF5067A3B6}"
EndProject
Global
	GlobalSection(SolutionConfigurationPlatforms) = preSolution
		Debug|Any CPU = Debug|Any CPU
		Release|Any CPU = Release|Any CPU
	EndGlobalSection
	GlobalSection(ProjectConfigurationPlatforms) = postSolution
		{CA9BA04F-561E-4918-BE18-EBBF5067A3B6}.Debug|Any CPU.ActiveCfg = Debug|Any CPU
		{CA9BA04F-561E-4918-BE18-EBBF5067A3B6}.Debug|Any CPU.Build.0 = Debug|Any CPU
		{CA9BA04F-561E-4918-BE18-EBBF5067A3B6}.Release|Any CPU.ActiveCfg = Release|Any CPU
		{CA9BA04F-561E-4918-BE18-EBBF5067A3B6}.Release|Any CPU.Build.0 = Release|Any CPU
	EndGlobalSection
	GlobalSection(SolutionProperties) = preSolution
		HideSolutionNode = FALSE
	EndGlobalSection
	GlobalSection(ExtensibilityGlobals) = postSolution
		SolutionGuid = {1CE80636-F9BD-4358-BC67-5D618C3D427B}
	EndGlobalSection
EndGlobal
